
Microsoft Visual Studio Solution File, Format Version 12.00
Project("{FAE04EC0-301F-11D3-BF4B-00C04F79EFBC}") = "keyloggerviewer", "keyloggerviewer.csproj", "{AB30DE8A-B0AE-438F-8E0D-689F29608A2B}"
EndProject
Global
	GlobalSection(SolutionConfigurationPlatforms) = preSolution
		Debug|Any CPU = Debug|Any CPU
		Release|Any CPU = Release|Any CPU
	EndGlobalSection
	GlobalSection(ProjectConfigurationPlatforms) = postSolution
		{AB30DE8A-B0AE-438F-8E0D-689F29608A2B}.Debug|Any CPU.ActiveCfg = Debug|Any CPU
		{AB30DE8A-B0AE-438F-8E0D-689F29608A2B}.Debug|Any CPU.Build.0 = Debug|Any CPU
		{AB30DE8A-B0AE-438F-8E0D-689F29608A2B}.Release|Any CPU.ActiveCfg = Release|Any CPU
		{AB30DE8A-B0AE-438F-8E0D-689F29608A2B}.Release|Any CPU.Build.0 = Release|Any CPU
		{AB30DE8A-B0AE-438F-8E0D-689F29608A2B}.Release|Any CPU.Deploy.0 = Release|Any CPU
	EndGlobalSection
EndGlobal
